
Microsoft Visual Studio Solution File, Format Version 12.00
# Visual Studio Version 17
VisualStudioVersion = 17.14.36109.1 d17.14
MinimumVisualStudioVersion = 10.0.40219.1
Project("{FAE04EC0-301F-11D3-BF4B-00C04F79EFBC}") = "Entities", "Entities\Entities.csproj", "{78DF04EB-F527-4A4A-9684-D60232626C1D}"
EndProject
Global
	GlobalSection(SolutionConfigurationPlatforms) = preSolution
		Debug|Any CPU = Debug|Any CPU
		Release|Any CPU = Release|Any CPU
	EndGlobalSection
	GlobalSection(ProjectConfigurationPlatforms) = postSolution
		{78DF04EB-F527-4A4A-9684-D60232626C1D}.Debug|Any CPU.ActiveCfg = Debug|Any CPU
		{78DF04EB-F527-4A4A-9684-D60232626C1D}.Debug|Any CPU.Build.0 = Debug|Any CPU
		{78DF04EB-F527-4A4A-9684-D60232626C1D}.Release|Any CPU.ActiveCfg = Release|Any CPU
		{78DF04EB-F527-4A4A-9684-D60232626C1D}.Release|Any CPU.Build.0 = Release|Any CPU
	EndGlobalSection
	GlobalSection(SolutionProperties) = preSolution
		HideSolutionNode = FALSE
	EndGlobalSection
	GlobalSection(ExtensibilityGlobals) = postSolution
		SolutionGuid = {37211969-8C67-449B-B27D-96043986D336}
	EndGlobalSection
EndGlobal
